// !$*UTF8*$!
{
	archiveVersion = 1;
	classes = {
	};
	objectVersion = 50;
	objects = {

/* Begin PBXBuildFile section */
		3D2FCF08226C99CB007A06E7 /* Images.xcassets in Resources */ = {isa = PBXBuildFile; fileRef = 3D2FCF07226C99CB007A06E7 /* Images.xcassets */; };
		3D4EE4112279E55A00AF9E93 /* AppDelegate.m in Sources */ = {isa = PBXBuildFile; fileRef = 3D4EE4102279E55A00AF9E93 /* AppDelegate.m */; };
		3D4EE4132279E56900AF9E93 /* main.m in Sources */ = {isa = PBXBuildFile; fileRef = 3D4EE4122279E56900AF9E93 /* main.m */; };
		3D4EE4152279E94B00AF9E93 /* MainMenu.xib in Resources */ = {isa = PBXBuildFile; fileRef = 3D4EE4142279E94B00AF9E93 /* MainMenu.xib */; };
		3D600A37226CC1A40068FB7B /* Localizable.strings in Resources */ = {isa = PBXBuildFile; fileRef = 3D600A35226CC1A40068FB7B /* Localizable.strings */; };
		3D600A5A22701E740068FB7B /* Launcher.app in CopyFiles */ = {isa = PBXBuildFile; fileRef = 3D600A4022701A5A0068FB7B /* Launcher.app */; settings = {ATTRIBUTES = (RemoveHeadersOnCopy, ); }; };
		3D79FD7D226C335100A373C0 /* appleDeviceNames.swift in Sources */ = {isa = PBXBuildFile; fileRef = 3D79FD7C226C335100A373C0 /* appleDeviceNames.swift */; };
		3D95379522784D550017D8B9 /* AboutBox.swift in Sources */ = {isa = PBXBuildFile; fileRef = 3D95379322784D550017D8B9 /* AboutBox.swift */; };
		3D953797227853E20017D8B9 /* AboutBox.xib in Resources */ = {isa = PBXBuildFile; fileRef = 3D953799227853E20017D8B9 /* AboutBox.xib */; };
		3DC0BC6D22729050001145EC /* InfoPlist.strings in Resources */ = {isa = PBXBuildFile; fileRef = 3DC0BC6F22729050001145EC /* InfoPlist.strings */; };
		3DCAAA7D22ADE9830011A2DA /* checkUpdate.swift in Sources */ = {isa = PBXBuildFile; fileRef = 3DCAAA7C22ADE9830011A2DA /* checkUpdate.swift */; };
		3DD4B654226C1C3200451B7B /* AppDelegate.swift in Sources */ = {isa = PBXBuildFile; fileRef = 3DD4B653226C1C3200451B7B /* AppDelegate.swift */; };
		3DD4B659226C1C3400451B7B /* MainMenu.xib in Resources */ = {isa = PBXBuildFile; fileRef = 3DD4B657226C1C3400451B7B /* MainMenu.xib */; };
		3DD4B664226C1CF000451B7B /* lowlevel.c in Sources */ = {isa = PBXBuildFile; fileRef = 3DD4B663226C1CF000451B7B /* lowlevel.c */; };
		3DD4B666226C1DF200451B7B /* BLE.swift in Sources */ = {isa = PBXBuildFile; fileRef = 3DD4B665226C1DF200451B7B /* BLE.swift */; };
		3DD4B669226C1E3700451B7B /* login.framework in Frameworks */ = {isa = PBXBuildFile; fileRef = 3DD4B668226C1E3700451B7B /* login.framework */; };
/* End PBXBuildFile section */

/* Begin PBXCopyFilesBuildPhase section */
		3D600A5922701E5D0068FB7B /* CopyFiles */ = {
			isa = PBXCopyFilesBuildPhase;
			buildActionMask = 2147483647;
			dstPath = Contents/Library/LoginItems;
			dstSubfolderSpec = 1;
			files = (
				3D600A5A22701E740068FB7B /* Launcher.app in CopyFiles */,
			);
			runOnlyForDeploymentPostprocessing = 0;
		};
/* End PBXCopyFilesBuildPhase section */

/* Begin PBXFileReference section */
		3D1B377B22772B740024E2E0 /* Base */ = {isa = PBXFileReference; lastKnownFileType = text.plist.strings; name = Base; path = Base.lproj/InfoPlist.strings; sourceTree = "<group>"; };
		3D2FCF07226C99CB007A06E7 /* Images.xcassets */ = {isa = PBXFileReference; lastKnownFileType = folder.assetcatalog; path = Images.xcassets; sourceTree = "<group>"; };
		3D4EE40F2279E55A00AF9E93 /* AppDelegate.h */ = {isa = PBXFileReference; fileEncoding = 4; lastKnownFileType = sourcecode.c.h; path = AppDelegate.h; sourceTree = "<group>"; };
		3D4EE4102279E55A00AF9E93 /* AppDelegate.m */ = {isa = PBXFileReference; fileEncoding = 4; lastKnownFileType = sourcecode.c.objc; path = AppDelegate.m; sourceTree = "<group>"; };
		3D4EE4122279E56900AF9E93 /* main.m */ = {isa = PBXFileReference; fileEncoding = 4; lastKnownFileType = sourcecode.c.objc; path = main.m; sourceTree = "<group>"; };
		3D4EE4142279E94B00AF9E93 /* MainMenu.xib */ = {isa = PBXFileReference; fileEncoding = 4; lastKnownFileType = file.xib; path = MainMenu.xib; sourceTree = "<group>"; };
		3D600A36226CC1A40068FB7B /* Base */ = {isa = PBXFileReference; lastKnownFileType = text.plist.strings; name = Base; path = Base.lproj/Localizable.strings; sourceTree = "<group>"; };
		3D600A38226CC1AA0068FB7B /* ja */ = {isa = PBXFileReference; lastKnownFileType = text.plist.strings; name = ja; path = ja.lproj/Localizable.strings; sourceTree = "<group>"; };
		3D600A4022701A5A0068FB7B /* Launcher.app */ = {isa = PBXFileReference; explicitFileType = wrapper.application; includeInIndex = 0; path = Launcher.app; sourceTree = BUILT_PRODUCTS_DIR; };
		3D600A4922701A5C0068FB7B /* Info.plist */ = {isa = PBXFileReference; lastKnownFileType = text.plist.xml; path = Info.plist; sourceTree = "<group>"; };
		3D600A4A22701A5C0068FB7B /* Launcher.entitlements */ = {isa = PBXFileReference; lastKnownFileType = text.plist.entitlements; path = Launcher.entitlements; sourceTree = "<group>"; };
		3D79FD7C226C335100A373C0 /* appleDeviceNames.swift */ = {isa = PBXFileReference; fileEncoding = 4; lastKnownFileType = sourcecode.swift; path = appleDeviceNames.swift; sourceTree = "<group>"; };
		3D95379322784D550017D8B9 /* AboutBox.swift */ = {isa = PBXFileReference; lastKnownFileType = sourcecode.swift; path = AboutBox.swift; sourceTree = "<group>"; };
		3D953798227853E20017D8B9 /* Base */ = {isa = PBXFileReference; lastKnownFileType = file.xib; name = Base; path = Base.lproj/AboutBox.xib; sourceTree = "<group>"; };
		3D95379B227853EC0017D8B9 /* ja */ = {isa = PBXFileReference; lastKnownFileType = text.plist.strings; name = ja; path = ja.lproj/AboutBox.strings; sourceTree = "<group>"; };
		3DC0BC6922728FF1001145EC /* Info.plist */ = {isa = PBXFileReference; fileEncoding = 4; lastKnownFileType = text.plist.xml; path = Info.plist; sourceTree = "<group>"; };
		3DC0BC6E22729050001145EC /* ja */ = {isa = PBXFileReference; lastKnownFileType = text.plist.strings; name = ja; path = ja.lproj/InfoPlist.strings; sourceTree = "<group>"; };
		3DCAAA7C22ADE9830011A2DA /* checkUpdate.swift */ = {isa = PBXFileReference; fileEncoding = 4; lastKnownFileType = sourcecode.swift; path = checkUpdate.swift; sourceTree = "<group>"; };
		3DD4B650226C1C3200451B7B /* BLEUnlock.app */ = {isa = PBXFileReference; explicitFileType = wrapper.application; includeInIndex = 0; path = BLEUnlock.app; sourceTree = BUILT_PRODUCTS_DIR; };
		3DD4B653226C1C3200451B7B /* AppDelegate.swift */ = {isa = PBXFileReference; lastKnownFileType = sourcecode.swift; path = AppDelegate.swift; sourceTree = "<group>"; };
		3DD4B658226C1C3400451B7B /* Base */ = {isa = PBXFileReference; lastKnownFileType = file.xib; name = Base; path = Base.lproj/MainMenu.xib; sourceTree = "<group>"; };
		3DD4B65B226C1C3400451B7B /* BLEUnlock.entitlements */ = {isa = PBXFileReference; lastKnownFileType = text.plist.entitlements; path = BLEUnlock.entitlements; sourceTree = "<group>"; };
		3DD4B661226C1CEF00451B7B /* BLEUnlock-Bridging-Header.h */ = {isa = PBXFileReference; lastKnownFileType = sourcecode.c.h; path = "BLEUnlock-Bridging-Header.h"; sourceTree = "<group>"; };
		3DD4B662226C1CEF00451B7B /* lowlevel.h */ = {isa = PBXFileReference; lastKnownFileType = sourcecode.c.h; path = lowlevel.h; sourceTree = "<group>"; };
		3DD4B663226C1CF000451B7B /* lowlevel.c */ = {isa = PBXFileReference; lastKnownFileType = sourcecode.c.c; path = lowlevel.c; sourceTree = "<group>"; };
		3DD4B665226C1DF200451B7B /* BLE.swift */ = {isa = PBXFileReference; lastKnownFileType = sourcecode.swift; path = BLE.swift; sourceTree = "<group>"; };
		3DD4B668226C1E3700451B7B /* login.framework */ = {isa = PBXFileReference; lastKnownFileType = wrapper.framework; name = login.framework; path = ../../../../System/Library/PrivateFrameworks/login.framework; sourceTree = "<group>"; };
		B1EFF91422E010F50010DB0A /* zh-Hans */ = {isa = PBXFileReference; lastKnownFileType = text.plist.strings; name = "zh-Hans"; path = "zh-Hans.lproj/AboutBox.strings"; sourceTree = "<group>"; };
		B1EFF91622E010F50010DB0A /* zh-Hans */ = {isa = PBXFileReference; lastKnownFileType = text.plist.strings; name = "zh-Hans"; path = "zh-Hans.lproj/Localizable.strings"; sourceTree = "<group>"; };
		B1EFF91722E010F50010DB0A /* zh-Hans */ = {isa = PBXFileReference; lastKnownFileType = text.plist.strings; name = "zh-Hans"; path = "zh-Hans.lproj/InfoPlist.strings"; sourceTree = "<group>"; };
/* End PBXFileReference section */

/* Begin PBXFrameworksBuildPhase section */
		3D600A3D22701A5A0068FB7B /* Frameworks */ = {
			isa = PBXFrameworksBuildPhase;
			buildActionMask = 2147483647;
			files = (
			);
			runOnlyForDeploymentPostprocessing = 0;
		};
		3DD4B64D226C1C3200451B7B /* Frameworks */ = {
			isa = PBXFrameworksBuildPhase;
			buildActionMask = 2147483647;
			files = (
				3DD4B669226C1E3700451B7B /* login.framework in Frameworks */,
			);
			runOnlyForDeploymentPostprocessing = 0;
		};
/* End PBXFrameworksBuildPhase section */

/* Begin PBXGroup section */
		3D600A4122701A5B0068FB7B /* Launcher */ = {
			isa = PBXGroup;
			children = (
				3D4EE4122279E56900AF9E93 /* main.m */,
				3D4EE40F2279E55A00AF9E93 /* AppDelegate.h */,
				3D4EE4102279E55A00AF9E93 /* AppDelegate.m */,
				3D600A4922701A5C0068FB7B /* Info.plist */,
				3D4EE4142279E94B00AF9E93 /* MainMenu.xib */,
				3D600A4A22701A5C0068FB7B /* Launcher.entitlements */,
			);
			path = Launcher;
			sourceTree = "<group>";
			usesTabs = 0;
		};
		3DD4B647226C1C3200451B7B = {
			isa = PBXGroup;
			children = (
				3DD4B652226C1C3200451B7B /* BLEUnlock */,
				3D600A4122701A5B0068FB7B /* Launcher */,
				3DD4B651226C1C3200451B7B /* Products */,
				3DD4B667226C1E3700451B7B /* Frameworks */,
			);
			sourceTree = "<group>";
		};
		3DD4B651226C1C3200451B7B /* Products */ = {
			isa = PBXGroup;
			children = (
				3DD4B650226C1C3200451B7B /* BLEUnlock.app */,
				3D600A4022701A5A0068FB7B /* Launcher.app */,
			);
			name = Products;
			sourceTree = "<group>";
		};
		3DD4B652226C1C3200451B7B /* BLEUnlock */ = {
			isa = PBXGroup;
			children = (
				3D95379322784D550017D8B9 /* AboutBox.swift */,
				3D953799227853E20017D8B9 /* AboutBox.xib */,
				3D600A35226CC1A40068FB7B /* Localizable.strings */,
				3DD4B665226C1DF200451B7B /* BLE.swift */,
				3DD4B653226C1C3200451B7B /* AppDelegate.swift */,
				3DC0BC6922728FF1001145EC /* Info.plist */,
				3DC0BC6F22729050001145EC /* InfoPlist.strings */,
				3DCAAA7C22ADE9830011A2DA /* checkUpdate.swift */,
				3DD4B662226C1CEF00451B7B /* lowlevel.h */,
				3DD4B663226C1CF000451B7B /* lowlevel.c */,
				3DD4B657226C1C3400451B7B /* MainMenu.xib */,
				3DD4B65B226C1C3400451B7B /* BLEUnlock.entitlements */,
				3DD4B661226C1CEF00451B7B /* BLEUnlock-Bridging-Header.h */,
				3D79FD7C226C335100A373C0 /* appleDeviceNames.swift */,
				3D2FCF07226C99CB007A06E7 /* Images.xcassets */,
			);
			path = BLEUnlock;
			sourceTree = "<group>";
		};
		3DD4B667226C1E3700451B7B /* Frameworks */ = {
			isa = PBXGroup;
			children = (
				3DD4B668226C1E3700451B7B /* login.framework */,
			);
			name = Frameworks;
			sourceTree = "<group>";
		};
/* End PBXGroup section */

/* Begin PBXNativeTarget section */
		3D600A3F22701A5A0068FB7B /* Launcher */ = {
			isa = PBXNativeTarget;
			buildConfigurationList = 3D600A4B22701A5C0068FB7B /* Build configuration list for PBXNativeTarget "Launcher" */;
			buildPhases = (
				3D600A3C22701A5A0068FB7B /* Sources */,
				3D600A3D22701A5A0068FB7B /* Frameworks */,
				3D600A3E22701A5A0068FB7B /* Resources */,
			);
			buildRules = (
			);
			dependencies = (
			);
			name = Launcher;
			productName = Launcher;
			productReference = 3D600A4022701A5A0068FB7B /* Launcher.app */;
			productType = "com.apple.product-type.application";
		};
		3DD4B64F226C1C3200451B7B /* BLEUnlock */ = {
			isa = PBXNativeTarget;
			buildConfigurationList = 3DD4B65E226C1C3400451B7B /* Build configuration list for PBXNativeTarget "BLEUnlock" */;
			buildPhases = (
				3DD4B64C226C1C3200451B7B /* Sources */,
				3DD4B64D226C1C3200451B7B /* Frameworks */,
				3DD4B64E226C1C3200451B7B /* Resources */,
				3D600A5922701E5D0068FB7B /* CopyFiles */,
				3D7C0F8022769F1F005A4C43 /* ShellScript */,
			);
			buildRules = (
			);
			dependencies = (
			);
			name = BLEUnlock;
			productName = BLEUnlock;
			productReference = 3DD4B650226C1C3200451B7B /* BLEUnlock.app */;
			productType = "com.apple.product-type.application";
		};
/* End PBXNativeTarget section */

/* Begin PBXProject section */
		3DD4B648226C1C3200451B7B /* Project object */ = {
			isa = PBXProject;
			attributes = {
				LastSwiftUpdateCheck = 1020;
				LastUpgradeCheck = 1170;
				ORGANIZATIONNAME = "Takeshi Sone";
				TargetAttributes = {
					3D600A3F22701A5A0068FB7B = {
						CreatedOnToolsVersion = 10.2.1;
						LastSwiftMigration = 1020;
						SystemCapabilities = {
							com.apple.GameCenter.Mac = {
								enabled = 0;
							};
							com.apple.HardenedRuntime = {
								enabled = 1;
							};
							com.apple.Sandbox = {
								enabled = 0;
							};
						};
					};
					3DD4B64F226C1C3200451B7B = {
						CreatedOnToolsVersion = 10.2.1;
						LastSwiftMigration = 1020;
						SystemCapabilities = {
							com.apple.HardenedRuntime = {
								enabled = 1;
							};
							com.apple.Sandbox = {
								enabled = 0;
							};
						};
					};
				};
			};
			buildConfigurationList = 3DD4B64B226C1C3200451B7B /* Build configuration list for PBXProject "BLEUnlock" */;
			compatibilityVersion = "Xcode 9.3";
			developmentRegion = en;
			hasScannedForEncodings = 0;
			knownRegions = (
				en,
				Base,
				ja,
				"zh-Hans",
			);
			mainGroup = 3DD4B647226C1C3200451B7B;
			productRefGroup = 3DD4B651226C1C3200451B7B /* Products */;
			projectDirPath = "";
			projectRoot = "";
			targets = (
				3DD4B64F226C1C3200451B7B /* BLEUnlock */,
				3D600A3F22701A5A0068FB7B /* Launcher */,
			);
		};
/* End PBXProject section */

/* Begin PBXResourcesBuildPhase section */
		3D600A3E22701A5A0068FB7B /* Resources */ = {
			isa = PBXResourcesBuildPhase;
			buildActionMask = 2147483647;
			files = (
				3D4EE4152279E94B00AF9E93 /* MainMenu.xib in Resources */,
			);
			runOnlyForDeploymentPostprocessing = 0;
		};
		3DD4B64E226C1C3200451B7B /* Resources */ = {
			isa = PBXResourcesBuildPhase;
			buildActionMask = 2147483647;
			files = (
				3D2FCF08226C99CB007A06E7 /* Images.xcassets in Resources */,
				3D600A37226CC1A40068FB7B /* Localizable.strings in Resources */,
				3D953797227853E20017D8B9 /* AboutBox.xib in Resources */,
				3DD4B659226C1C3400451B7B /* MainMenu.xib in Resources */,
				3DC0BC6D22729050001145EC /* InfoPlist.strings in Resources */,
			);
			runOnlyForDeploymentPostprocessing = 0;
		};
/* End PBXResourcesBuildPhase section */

/* Begin PBXShellScriptBuildPhase section */
		3D7C0F8022769F1F005A4C43 /* ShellScript */ = {
			isa = PBXShellScriptBuildPhase;
			buildActionMask = 2147483647;
			files = (
			);
			inputFileListPaths = (
			);
			inputPaths = (
			);
			outputFileListPaths = (
			);
			outputPaths = (
			);
			runOnlyForDeploymentPostprocessing = 0;
			shellPath = /bin/bash;
			shellScript = "buildNumber=$(/usr/libexec/PlistBuddy -c \"Print CFBundleVersion\" \"${PROJECT_DIR}/${INFOPLIST_FILE}\")\nbuildNumber=$(($buildNumber + 1))\n/usr/libexec/PlistBuddy -c \"Set :CFBundleVersion $buildNumber\" \"${PROJECT_DIR}/${INFOPLIST_FILE}\"\n";
		};
/* End PBXShellScriptBuildPhase section */

/* Begin PBXSourcesBuildPhase section */
		3D600A3C22701A5A0068FB7B /* Sources */ = {
			isa = PBXSourcesBuildPhase;
			buildActionMask = 2147483647;
			files = (
				3D4EE4112279E55A00AF9E93 /* AppDelegate.m in Sources */,
				3D4EE4132279E56900AF9E93 /* main.m in Sources */,
			);
			runOnlyForDeploymentPostprocessing = 0;
		};
		3DD4B64C226C1C3200451B7B /* Sources */ = {
			isa = PBXSourcesBuildPhase;
			buildActionMask = 2147483647;
			files = (
				3DD4B654226C1C3200451B7B /* AppDelegate.swift in Sources */,
				3DD4B666226C1DF200451B7B /* BLE.swift in Sources */,
				3DD4B664226C1CF000451B7B /* lowlevel.c in Sources */,
				3DCAAA7D22ADE9830011A2DA /* checkUpdate.swift in Sources */,
				3D95379522784D550017D8B9 /* AboutBox.swift in Sources */,
				3D79FD7D226C335100A373C0 /* appleDeviceNames.swift in Sources */,
			);
			runOnlyForDeploymentPostprocessing = 0;
		};
/* End PBXSourcesBuildPhase section */

/* Begin PBXVariantGroup section */
		3D600A35226CC1A40068FB7B /* Localizable.strings */ = {
			isa = PBXVariantGroup;
			children = (
				3D600A36226CC1A40068FB7B /* Base */,
				3D600A38226CC1AA0068FB7B /* ja */,
				B1EFF91622E010F50010DB0A /* zh-Hans */,
			);
			name = Localizable.strings;
			sourceTree = "<group>";
		};
		3D953799227853E20017D8B9 /* AboutBox.xib */ = {
			isa = PBXVariantGroup;
			children = (
				3D953798227853E20017D8B9 /* Base */,
				3D95379B227853EC0017D8B9 /* ja */,
				B1EFF91422E010F50010DB0A /* zh-Hans */,
			);
			name = AboutBox.xib;
			sourceTree = "<group>";
		};
		3DC0BC6F22729050001145EC /* InfoPlist.strings */ = {
			isa = PBXVariantGroup;
			children = (
				3DC0BC6E22729050001145EC /* ja */,
				3D1B377B22772B740024E2E0 /* Base */,
				B1EFF91722E010F50010DB0A /* zh-Hans */,
			);
			name = InfoPlist.strings;
			sourceTree = "<group>";
		};
		3DD4B657226C1C3400451B7B /* MainMenu.xib */ = {
			isa = PBXVariantGroup;
			children = (
				3DD4B658226C1C3400451B7B /* Base */,
			);
			name = MainMenu.xib;
			sourceTree = "<group>";
		};
/* End PBXVariantGroup section */

/* Begin XCBuildConfiguration section */
		3D600A4C22701A5C0068FB7B /* Debug */ = {
			isa = XCBuildConfiguration;
			buildSettings = {
				CLANG_ENABLE_MODULES = YES;
				CODE_SIGN_IDENTITY = "-";
				CODE_SIGN_STYLE = Automatic;
				COMBINE_HIDPI_IMAGES = YES;
				DEVELOPMENT_TEAM = "";
				ENABLE_HARDENED_RUNTIME = YES;
				INFOPLIST_FILE = Launcher/Info.plist;
				INSTALL_PATH = "";
				LD_RUNPATH_SEARCH_PATHS = (
					"$(inherited)",
					"@executable_path/../Frameworks",
				);
				PRODUCT_BUNDLE_IDENTIFIER = jp.sone.BLEUnlock.Launcher;
				PRODUCT_NAME = "$(TARGET_NAME)";
				PROVISIONING_PROFILE_SPECIFIER = "";
				SWIFT_OPTIMIZATION_LEVEL = "-Onone";
				SWIFT_VERSION = 5.0;
			};
			name = Debug;
		};
		3D600A4D22701A5C0068FB7B /* Release */ = {
			isa = XCBuildConfiguration;
			buildSettings = {
				CLANG_ENABLE_MODULES = YES;
				CODE_SIGN_IDENTITY = "Apple Development";
				CODE_SIGN_STYLE = Manual;
				COMBINE_HIDPI_IMAGES = YES;
				COPY_PHASE_STRIP = NO;
				DEVELOPMENT_TEAM = 42LGPQYC7M;
				ENABLE_HARDENED_RUNTIME = YES;
				INFOPLIST_FILE = Launcher/Info.plist;
				INSTALL_PATH = "";
				LD_RUNPATH_SEARCH_PATHS = (
					"$(inherited)",
					"@executable_path/../Frameworks",
				);
				PRODUCT_BUNDLE_IDENTIFIER = jp.sone.BLEUnlock.Launcher;
				PRODUCT_NAME = "$(TARGET_NAME)";
				PROVISIONING_PROFILE_SPECIFIER = "";
				SWIFT_VERSION = 5.0;
			};
			name = Release;
		};
		3DD4B65C226C1C3400451B7B /* Debug */ = {
			isa = XCBuildConfiguration;
			buildSettings = {
				ALWAYS_SEARCH_USER_PATHS = NO;
				CLANG_ANALYZER_LOCALIZABILITY_NONLOCALIZED = YES;
				CLANG_ANALYZER_NONNULL = YES;
				CLANG_ANALYZER_NUMBER_OBJECT_CONVERSION = YES_AGGRESSIVE;
				CLANG_CXX_LANGUAGE_STANDARD = "gnu++14";
				CLANG_CXX_LIBRARY = "libc++";
				CLANG_ENABLE_MODULES = YES;
				CLANG_ENABLE_OBJC_ARC = YES;
				CLANG_ENABLE_OBJC_WEAK = YES;
				CLANG_WARN_BLOCK_CAPTURE_AUTORELEASING = YES;
				CLANG_WARN_BOOL_CONVERSION = YES;
				CLANG_WARN_COMMA = YES;
				CLANG_WARN_CONSTANT_CONVERSION = YES;
				CLANG_WARN_DEPRECATED_OBJC_IMPLEMENTATIONS = YES;
				CLANG_WARN_DIRECT_OBJC_ISA_USAGE = YES_ERROR;
				CLANG_WARN_DOCUMENTATION_COMMENTS = YES;
				CLANG_WARN_EMPTY_BODY = YES;
				CLANG_WARN_ENUM_CONVERSION = YES;
				CLANG_WARN_INFINITE_RECURSION = YES;
				CLANG_WARN_INT_CONVERSION = YES;
				CLANG_WARN_NON_LITERAL_NULL_CONVERSION = YES;
				CLANG_WARN_OBJC_IMPLICIT_RETAIN_SELF = YES;
				CLANG_WARN_OBJC_LITERAL_CONVERSION = YES;
				CLANG_WARN_OBJC_ROOT_CLASS = YES_ERROR;
				CLANG_WARN_RANGE_LOOP_ANALYSIS = YES;
				CLANG_WARN_STRICT_PROTOTYPES = YES;
				CLANG_WARN_SUSPICIOUS_MOVE = YES;
				CLANG_WARN_UNGUARDED_AVAILABILITY = YES_AGGRESSIVE;
				CLANG_WARN_UNREACHABLE_CODE = YES;
				CLANG_WARN__DUPLICATE_METHOD_MATCH = YES;
				CODE_SIGN_IDENTITY = "-";
				COPY_PHASE_STRIP = NO;
				DEBUG_INFORMATION_FORMAT = dwarf;
				ENABLE_STRICT_OBJC_MSGSEND = YES;
				ENABLE_TESTABILITY = YES;
				GCC_C_LANGUAGE_STANDARD = gnu11;
				GCC_DYNAMIC_NO_PIC = NO;
				GCC_NO_COMMON_BLOCKS = YES;
				GCC_OPTIMIZATION_LEVEL = 0;
				GCC_PREPROCESSOR_DEFINITIONS = (
					"DEBUG=1",
					"$(inherited)",
				);
				GCC_WARN_64_TO_32_BIT_CONVERSION = YES;
				GCC_WARN_ABOUT_RETURN_TYPE = YES_ERROR;
				GCC_WARN_UNDECLARED_SELECTOR = YES;
				GCC_WARN_UNINITIALIZED_AUTOS = YES_AGGRESSIVE;
				GCC_WARN_UNUSED_FUNCTION = YES;
				GCC_WARN_UNUSED_VARIABLE = YES;
				MACOSX_DEPLOYMENT_TARGET = 10.13;
				MTL_ENABLE_DEBUG_INFO = INCLUDE_SOURCE;
				MTL_FAST_MATH = YES;
				ONLY_ACTIVE_ARCH = YES;
				SDKROOT = macosx;
				SWIFT_ACTIVE_COMPILATION_CONDITIONS = DEBUG;
				SWIFT_OPTIMIZATION_LEVEL = "-Onone";
			};
			name = Debug;
		};
		3DD4B65D226C1C3400451B7B /* Release */ = {
			isa = XCBuildConfiguration;
			buildSettings = {
				ALWAYS_SEARCH_USER_PATHS = NO;
				CLANG_ANALYZER_LOCALIZABILITY_NONLOCALIZED = YES;
				CLANG_ANALYZER_NONNULL = YES;
				CLANG_ANALYZER_NUMBER_OBJECT_CONVERSION = YES_AGGRESSIVE;
				CLANG_CXX_LANGUAGE_STANDARD = "gnu++14";
				CLANG_CXX_LIBRARY = "libc++";
				CLANG_ENABLE_MODULES = YES;
				CLANG_ENABLE_OBJC_ARC = YES;
				CLANG_ENABLE_OBJC_WEAK = YES;
				CLANG_WARN_BLOCK_CAPTURE_AUTORELEASING = YES;
				CLANG_WARN_BOOL_CONVERSION = YES;
				CLANG_WARN_COMMA = YES;
				CLANG_WARN_CONSTANT_CONVERSION = YES;
				CLANG_WARN_DEPRECATED_OBJC_IMPLEMENTATIONS = YES;
				CLANG_WARN_DIRECT_OBJC_ISA_USAGE = YES_ERROR;
				CLANG_WARN_DOCUMENTATION_COMMENTS = YES;
				CLANG_WARN_EMPTY_BODY = YES;
				CLANG_WARN_ENUM_CONVERSION = YES;
				CLANG_WARN_INFINITE_RECURSION = YES;
				CLANG_WARN_INT_CONVERSION = YES;
				CLANG_WARN_NON_LITERAL_NULL_CONVERSION = YES;
				CLANG_WARN_OBJC_IMPLICIT_RETAIN_SELF = YES;
				CLANG_WARN_OBJC_LITERAL_CONVERSION = YES;
				CLANG_WARN_OBJC_ROOT_CLASS = YES_ERROR;
				CLANG_WARN_RANGE_LOOP_ANALYSIS = YES;
				CLANG_WARN_STRICT_PROTOTYPES = YES;
				CLANG_WARN_SUSPICIOUS_MOVE = YES;
				CLANG_WARN_UNGUARDED_AVAILABILITY = YES_AGGRESSIVE;
				CLANG_WARN_UNREACHABLE_CODE = YES;
				CLANG_WARN__DUPLICATE_METHOD_MATCH = YES;
				CODE_SIGN_IDENTITY = "-";
				COPY_PHASE_STRIP = NO;
				DEBUG_INFORMATION_FORMAT = "dwarf-with-dsym";
				ENABLE_NS_ASSERTIONS = NO;
				ENABLE_STRICT_OBJC_MSGSEND = YES;
				GCC_C_LANGUAGE_STANDARD = gnu11;
				GCC_NO_COMMON_BLOCKS = YES;
				GCC_WARN_64_TO_32_BIT_CONVERSION = YES;
				GCC_WARN_ABOUT_RETURN_TYPE = YES_ERROR;
				GCC_WARN_UNDECLARED_SELECTOR = YES;
				GCC_WARN_UNINITIALIZED_AUTOS = YES_AGGRESSIVE;
				GCC_WARN_UNUSED_FUNCTION = YES;
				GCC_WARN_UNUSED_VARIABLE = YES;
				MACOSX_DEPLOYMENT_TARGET = 10.13;
				MTL_ENABLE_DEBUG_INFO = NO;
				MTL_FAST_MATH = YES;
				SDKROOT = macosx;
				SWIFT_COMPILATION_MODE = wholemodule;
				SWIFT_OPTIMIZATION_LEVEL = "-O";
			};
			name = Release;
		};
		3DD4B65F226C1C3400451B7B /* Debug */ = {
			isa = XCBuildConfiguration;
			buildSettings = {
				ASSETCATALOG_COMPILER_APPICON_NAME = AppIcon;
				CLANG_ENABLE_MODULES = YES;
				CODE_SIGN_ENTITLEMENTS = BLEUnlock/BLEUnlock.entitlements;
				CODE_SIGN_IDENTITY = "-";
				CODE_SIGN_STYLE = Automatic;
				COMBINE_HIDPI_IMAGES = YES;
				DEVELOPMENT_TEAM = "";
				ENABLE_HARDENED_RUNTIME = YES;
				FRAMEWORK_SEARCH_PATHS = "";
				INFOPLIST_FILE = BLEUnlock/Info.plist;
				LD_RUNPATH_SEARCH_PATHS = (
					"$(inherited)",
					"@executable_path/../Frameworks",
				);
				MARKETING_VERSION = "1.9.0-beta";
				PRODUCT_BUNDLE_IDENTIFIER = jp.sone.BLEUnlock;
				PRODUCT_NAME = "$(TARGET_NAME)";
				PROVISIONING_PROFILE_SPECIFIER = "";
				SWIFT_OBJC_BRIDGING_HEADER = "BLEUnlock/BLEUnlock-Bridging-Header.h";
				SWIFT_OPTIMIZATION_LEVEL = "-Onone";
				SWIFT_VERSION = 5.0;
				SYSTEM_FRAMEWORK_SEARCH_PATHS = (
					"$(inherited)",
					"$(SYSTEM_LIBRARY_DIR)/PrivateFrameworks",
				);
			};
			name = Debug;
		};
		3DD4B660226C1C3400451B7B /* Release */ = {
			isa = XCBuildConfiguration;
			buildSettings = {
				ASSETCATALOG_COMPILER_APPICON_NAME = AppIcon;
				CLANG_ENABLE_MODULES = YES;
				CODE_SIGN_ENTITLEMENTS = BLEUnlock/BLEUnlock.entitlements;
				CODE_SIGN_IDENTITY = "Apple Development";
				CODE_SIGN_STYLE = Manual;
				COMBINE_HIDPI_IMAGES = YES;
				DEVELOPMENT_TEAM = 42LGPQYC7M;
				ENABLE_HARDENED_RUNTIME = YES;
				FRAMEWORK_SEARCH_PATHS = "";
				INFOPLIST_FILE = BLEUnlock/Info.plist;
				LD_RUNPATH_SEARCH_PATHS = (
					"$(inherited)",
					"@executable_path/../Frameworks",
				);
				MARKETING_VERSION = "1.9.0-beta";
				PRODUCT_BUNDLE_IDENTIFIER = jp.sone.BLEUnlock;
				PRODUCT_NAME = "$(TARGET_NAME)";
				PROVISIONING_PROFILE_SPECIFIER = "";
				SWIFT_OBJC_BRIDGING_HEADER = "BLEUnlock/BLEUnlock-Bridging-Header.h";
				SWIFT_VERSION = 5.0;
				SYSTEM_FRAMEWORK_SEARCH_PATHS = (
					"$(inherited)",
					"$(SYSTEM_LIBRARY_DIR)/PrivateFrameworks",
				);
			};
			name = Release;
		};
/* End XCBuildConfiguration section */

/* Begin XCConfigurationList section */
		3D600A4B22701A5C0068FB7B /* Build configuration list for PBXNativeTarget "Launcher" */ = {
			isa = XCConfigurationList;
			buildConfigurations = (
				3D600A4C22701A5C0068FB7B /* Debug */,
				3D600A4D22701A5C0068FB7B /* Release */,
			);
			defaultConfigurationIsVisible = 0;
			defaultConfigurationName = Release;
		};
		3DD4B64B226C1C3200451B7B /* Build configuration list for PBXProject "BLEUnlock" */ = {
			isa = XCConfigurationList;
			buildConfigurations = (
				3DD4B65C226C1C3400451B7B /* Debug */,
				3DD4B65D226C1C3400451B7B /* Release */,
			);
			defaultConfigurationIsVisible = 0;
			defaultConfigurationName = Release;
		};
		3DD4B65E226C1C3400451B7B /* Build configuration list for PBXNativeTarget "BLEUnlock" */ = {
			isa = XCConfigurationList;
			buildConfigurations = (
				3DD4B65F226C1C3400451B7B /* Debug */,
				3DD4B660226C1C3400451B7B /* Release */,
			);
			defaultConfigurationIsVisible = 0;
			defaultConfigurationName = Release;
		};
/* End XCConfigurationList section */
	};
	rootObject = 3DD4B648226C1C3200451B7B /* Project object */;
}
